
Microsoft Visual Studio Solution File, Format Version 12.00
Project("{FAE04EC0-301F-11D3-BF4B-00C04F79EFBC}") = "Coindex.Cli", "Coindex.Cli\Coindex.Cli.csproj", "{4BCCB19D-77C8-48EA-9815-439BF43BBE8C}"
EndProject
Project("{FAE04EC0-301F-11D3-BF4B-00C04F79EFBC}") = "Coindex.App", "Coindex.App\Coindex.App.csproj", "{69DAD98B-952A-4C89-9092-1D73C9887FED}"
EndProject
Project("{FAE04EC0-301F-11D3-BF4B-00C04F79EFBC}") = "Coindex.Core", "Coindex.Core\Coindex.Core.csproj", "{48CDDD1C-0052-46EE-8209-01FE4156FD2A}"
EndProject
Global
	GlobalSection(SolutionConfigurationPlatforms) = preSolution
		Debug|Any CPU = Debug|Any CPU
		Release|Any CPU = Release|Any CPU
	EndGlobalSection
	GlobalSection(ProjectConfigurationPlatforms) = postSolution
		{4BCCB19D-77C8-48EA-9815-439BF43BBE8C}.Debug|Any CPU.ActiveCfg = Debug|Any CPU
		{4BCCB19D-77C8-48EA-9815-439BF43BBE8C}.Debug|Any CPU.Build.0 = Debug|Any CPU
		{4BCCB19D-77C8-48EA-9815-439BF43BBE8C}.Release|Any CPU.ActiveCfg = Release|Any CPU
		{4BCCB19D-77C8-48EA-9815-439BF43BBE8C}.Release|Any CPU.Build.0 = Release|Any CPU
		{69DAD98B-952A-4C89-9092-1D73C9887FED}.Debug|Any CPU.ActiveCfg = Debug|Any CPU
		{69DAD98B-952A-4C89-9092-1D73C9887FED}.Debug|Any CPU.Build.0 = Debug|Any CPU
		{69DAD98B-952A-4C89-9092-1D73C9887FED}.Release|Any CPU.ActiveCfg = Release|Any CPU
		{69DAD98B-952A-4C89-9092-1D73C9887FED}.Release|Any CPU.Build.0 = Release|Any CPU
		{48CDDD1C-0052-46EE-8209-01FE4156FD2A}.Debug|Any CPU.ActiveCfg = Debug|Any CPU
		{48CDDD1C-0052-46EE-8209-01FE4156FD2A}.Debug|Any CPU.Build.0 = Debug|Any CPU
		{48CDDD1C-0052-46EE-8209-01FE4156FD2A}.Release|Any CPU.ActiveCfg = Release|Any CPU
		{48CDDD1C-0052-46EE-8209-01FE4156FD2A}.Release|Any CPU.Build.0 = Release|Any CPU
	EndGlobalSection
EndGlobal
